// !$*UTF8*$!
{
	archiveVersion = 1;
	classes = {
	};
	objectVersion = 50;
	objects = {

/* Begin PBXBuildFile section */
		128CF10C246D9D1800C38668 /* AppDelegate.swift in Sources */ = {isa = PBXBuildFile; fileRef = 128CF10B246D9D1800C38668 /* AppDelegate.swift */; };
		128CF10E246D9D1800C38668 /* SceneDelegate.swift in Sources */ = {isa = PBXBuildFile; fileRef = 128CF10D246D9D1800C38668 /* SceneDelegate.swift */; };
		128CF110246D9D1800C38668 /* ContentView.swift in Sources */ = {isa = PBXBuildFile; fileRef = 128CF10F246D9D1800C38668 /* ContentView.swift */; };
		128CF112246D9D1C00C38668 /* Assets.xcassets in Resources */ = {isa = PBXBuildFile; fileRef = 128CF111246D9D1C00C38668 /* Assets.xcassets */; };
		128CF115246D9D1C00C38668 /* Preview Assets.xcassets in Resources */ = {isa = PBXBuildFile; fileRef = 128CF114246D9D1C00C38668 /* Preview Assets.xcassets */; };
		128CF118246D9D1C00C38668 /* LaunchScreen.storyboard in Resources */ = {isa = PBXBuildFile; fileRef = 128CF116246D9D1C00C38668 /* LaunchScreen.storyboard */; };
		128CF120246DA99E00C38668 /* CardView.swift in Sources */ = {isa = PBXBuildFile; fileRef = 128CF11F246DA99E00C38668 /* CardView.swift */; };
/* End PBXBuildFile section */

/* Begin PBXFileReference section */
		128CF108246D9D1800C38668 /* Slots.app */ = {isa = PBXFileReference; explicitFileType = wrapper.application; includeInIndex = 0; path = Slots.app; sourceTree = BUILT_PRODUCTS_DIR; };
		128CF10B246D9D1800C38668 /* AppDelegate.swift */ = {isa = PBXFileReference; lastKnownFileType = sourcecode.swift; path = AppDelegate.swift; sourceTree = "<group>"; };
		128CF10D246D9D1800C38668 /* SceneDelegate.swift */ = {isa = PBXFileReference; lastKnownFileType = sourcecode.swift; path = SceneDelegate.swift; sourceTree = "<group>"; };
		128CF10F246D9D1800C38668 /* ContentView.swift */ = {isa = PBXFileReference; lastKnownFileType = sourcecode.swift; path = ContentView.swift; sourceTree = "<group>"; };
		128CF111246D9D1C00C38668 /* Assets.xcassets */ = {isa = PBXFileReference; lastKnownFileType = folder.assetcatalog; path = Assets.xcassets; sourceTree = "<group>"; };
		128CF114246D9D1C00C38668 /* Preview Assets.xcassets */ = {isa = PBXFileReference; lastKnownFileType = folder.assetcatalog; path = "Preview Assets.xcassets"; sourceTree = "<group>"; };
		128CF117246D9D1C00C38668 /* Base */ = {isa = PBXFileReference; lastKnownFileType = file.storyboard; name = Base; path = Base.lproj/LaunchScreen.storyboard; sourceTree = "<group>"; };
		128CF119246D9D1C00C38668 /* Info.plist */ = {isa = PBXFileReference; lastKnownFileType = text.plist.xml; path = Info.plist; sourceTree = "<group>"; };
		128CF11F246DA99E00C38668 /* CardView.swift */ = {isa = PBXFileReference; lastKnownFileType = sourcecode.swift; path = CardView.swift; sourceTree = "<group>"; };
/* End PBXFileReference section */

/* Begin PBXFrameworksBuildPhase section */
		128CF105246D9D1800C38668 /* Frameworks */ = {
			isa = PBXFrameworksBuildPhase;
			buildActionMask = 2147483647;
			files = (
			);
			runOnlyForDeploymentPostprocessing = 0;
		};
/* End PBXFrameworksBuildPhase section */

/* Begin PBXGroup section */
		128CF0FF246D9D1800C38668 = {
			isa = PBXGroup;
			children = (
				128CF10A246D9D1800C38668 /* Slots */,
				128CF109246D9D1800C38668 /* Products */,
			);
			sourceTree = "<group>";
		};
		128CF109246D9D1800C38668 /* Products */ = {
			isa = PBXGroup;
			children = (
				128CF108246D9D1800C38668 /* Slots.app */,
			);
			name = Products;
			sourceTree = "<group>";
		};
		128CF10A246D9D1800C38668 /* Slots */ = {
			isa = PBXGroup;
			children = (
				128CF10B246D9D1800C38668 /* AppDelegate.swift */,
				128CF10D246D9D1800C38668 /* SceneDelegate.swift */,
				128CF10F246D9D1800C38668 /* ContentView.swift */,
				128CF11F246DA99E00C38668 /* CardView.swift */,
				128CF111246D9D1C00C38668 /* Assets.xcassets */,
				128CF116246D9D1C00C38668 /* LaunchScreen.storyboard */,
				128CF119246D9D1C00C38668 /* Info.plist */,
				128CF113246D9D1C00C38668 /* Preview Content */,
			);
			path = Slots;
			sourceTree = "<group>";
		};
		128CF113246D9D1C00C38668 /* Preview Content */ = {
			isa = PBXGroup;
			children = (
				128CF114246D9D1C00C38668 /* Preview Assets.xcassets */,
			);
			path = "Preview Content";
			sourceTree = "<group>";
		};
/* End PBXGroup section */

/* Begin PBXNativeTarget section */
		128CF107246D9D1800C38668 /* Slots */ = {
			isa = PBXNativeTarget;
			buildConfigurationList = 128CF11C246D9D1C00C38668 /* Build configuration list for PBXNativeTarget "Slots" */;
			buildPhases = (
				128CF104246D9D1800C38668 /* Sources */,
				128CF105246D9D1800C38668 /* Frameworks */,
				128CF106246D9D1800C38668 /* Resources */,
			);
			buildRules = (
			);
			dependencies = (
			);
			name = Slots;
			productName = Slots;
			productReference = 128CF108246D9D1800C38668 /* Slots.app */;
			productType = "com.apple.product-type.application";
		};
/* End PBXNativeTarget section */

/* Begin PBXProject section */
		128CF100246D9D1800C38668 /* Project object */ = {
			isa = PBXProject;
			attributes = {
				LastSwiftUpdateCheck = 1130;
				LastUpgradeCheck = 1130;
				ORGANIZATIONNAME = "Plamen Rupkolski";
				TargetAttributes = {
					128CF107246D9D1800C38668 = {
						CreatedOnToolsVersion = 11.3.1;
					};
				};
			};
			buildConfigurationList = 128CF103246D9D1800C38668 /* Build configuration list for PBXProject "Slots" */;
			compatibilityVersion = "Xcode 9.3";
			developmentRegion = en;
			hasScannedForEncodings = 0;
			knownRegions = (
				en,
				Base,
			);
			mainGroup = 128CF0FF246D9D1800C38668;
			productRefGroup = 128CF109246D9D1800C38668 /* Products */;
			projectDirPath = "";
			projectRoot = "";
			targets = (
				128CF107246D9D1800C38668 /* Slots */,
			);
		};
/* End PBXProject section */

/* Begin PBXResourcesBuildPhase section */
		128CF106246D9D1800C38668 /* Resources */ = {
			isa = PBXResourcesBuildPhase;
			buildActionMask = 2147483647;
			files = (
				128CF118246D9D1C00C38668 /* LaunchScreen.storyboard in Resources */,
				128CF115246D9D1C00C38668 /* Preview Assets.xcassets in Resources */,
				128CF112246D9D1C00C38668 /* Assets.xcassets in Resources */,
			);
			runOnlyForDeploymentPostprocessing = 0;
		};
/* End PBXResourcesBuildPhase section */

/* Begin PBXSourcesBuildPhase section */
		128CF104246D9D1800C38668 /* Sources */ = {
			isa = PBXSourcesBuildPhase;
			buildActionMask = 2147483647;
			files = (
				128CF10C246D9D1800C38668 /* AppDelegate.swift in Sources */,
				128CF10E246D9D1800C38668 /* SceneDelegate.swift in Sources */,
				128CF120246DA99E00C38668 /* CardView.swift in Sources */,
				128CF110246D9D1800C38668 /* ContentView.swift in Sources */,
			);
			runOnlyForDeploymentPostprocessing = 0;
		};
/* End PBXSourcesBuildPhase section */

/* Begin PBXVariantGroup section */
		128CF116246D9D1C00C38668 /* LaunchScreen.storyboard */ = {
			isa = PBXVariantGroup;
			children = (
				128CF117246D9D1C00C38668 /* Base */,
			);
			name = LaunchScreen.storyboard;
			sourceTree = "<group>";
		};
/* End PBXVariantGroup section */

/* Begin XCBuildConfiguration section */
		128CF11A246D9D1C00C38668 /* Debug */ = {
			isa = XCBuildConfiguration;
			buildSettings = {
				ALWAYS_SEARCH_USER_PATHS = NO;
				CLANG_ANALYZER_NONNULL = YES;
				CLANG_ANALYZER_NUMBER_OBJECT_CONVERSION = YES_AGGRESSIVE;
				CLANG_CXX_LANGUAGE_STANDARD = "gnu++14";
				CLANG_CXX_LIBRARY = "libc++";
				CLANG_ENABLE_MODULES = YES;
				CLANG_ENABLE_OBJC_ARC = YES;
				CLANG_ENABLE_OBJC_WEAK = YES;
				CLANG_WARN_BLOCK_CAPTURE_AUTORELEASING = YES;
				CLANG_WARN_BOOL_CONVERSION = YES;
				CLANG_WARN_COMMA = YES;
				CLANG_WARN_CONSTANT_CONVERSION = YES;
				CLANG_WARN_DEPRECATED_OBJC_IMPLEMENTATIONS = YES;
				CLANG_WARN_DIRECT_OBJC_ISA_USAGE = YES_ERROR;
				CLANG_WARN_DOCUMENTATION_COMMENTS = YES;
				CLANG_WARN_EMPTY_BODY = YES;
				CLANG_WARN_ENUM_CONVERSION = YES;
				CLANG_WARN_INFINITE_RECURSION = YES;
				CLANG_WARN_INT_CONVERSION = YES;
				CLANG_WARN_NON_LITERAL_NULL_CONVERSION = YES;
				CLANG_WARN_OBJC_IMPLICIT_RETAIN_SELF = YES;
				CLANG_WARN_OBJC_LITERAL_CONVERSION = YES;
				CLANG_WARN_OBJC_ROOT_CLASS = YES_ERROR;
				CLANG_WARN_RANGE_LOOP_ANALYSIS = YES;
				CLANG_WARN_STRICT_PROTOTYPES = YES;
				CLANG_WARN_SUSPICIOUS_MOVE = YES;
				CLANG_WARN_UNGUARDED_AVAILABILITY = YES_AGGRESSIVE;
				CLANG_WARN_UNREACHABLE_CODE = YES;
				CLANG_WARN__DUPLICATE_METHOD_MATCH = YES;
				COPY_PHASE_STRIP = NO;
				DEBUG_INFORMATION_FORMAT = dwarf;
				ENABLE_STRICT_OBJC_MSGSEND = YES;
				ENABLE_TESTABILITY = YES;
				GCC_C_LANGUAGE_STANDARD = gnu11;
				GCC_DYNAMIC_NO_PIC = NO;
				GCC_NO_COMMON_BLOCKS = YES;
				GCC_OPTIMIZATION_LEVEL = 0;
				GCC_PREPROCESSOR_DEFINITIONS = (
					"DEBUG=1",
					"$(inherited)",
				);
				GCC_WARN_64_TO_32_BIT_CONVERSION = YES;
				GCC_WARN_ABOUT_RETURN_TYPE = YES_ERROR;
				GCC_WARN_UNDECLARED_SELECTOR = YES;
				GCC_WARN_UNINITIALIZED_AUTOS = YES_AGGRESSIVE;
				GCC_WARN_UNUSED_FUNCTION = YES;
				GCC_WARN_UNUSED_VARIABLE = YES;
				IPHONEOS_DEPLOYMENT_TARGET = 13.2;
				MTL_ENABLE_DEBUG_INFO = INCLUDE_SOURCE;
				MTL_FAST_MATH = YES;
				ONLY_ACTIVE_ARCH = YES;
				SDKROOT = iphoneos;
				SWIFT_ACTIVE_COMPILATION_CONDITIONS = DEBUG;
				SWIFT_OPTIMIZATION_LEVEL = "-Onone";
			};
			name = Debug;
		};
		128CF11B246D9D1C00C38668 /* Release */ = {
			isa = XCBuildConfiguration;
			buildSettings = {
				ALWAYS_SEARCH_USER_PATHS = NO;
				CLANG_ANALYZER_NONNULL = YES;
				CLANG_ANALYZER_NUMBER_OBJECT_CONVERSION = YES_AGGRESSIVE;
				CLANG_CXX_LANGUAGE_STANDARD = "gnu++14";
				CLANG_CXX_LIBRARY = "libc++";
				CLANG_ENABLE_MODULES = YES;
				CLANG_ENABLE_OBJC_ARC = YES;
				CLANG_ENABLE_OBJC_WEAK = YES;
				CLANG_WARN_BLOCK_CAPTURE_AUTORELEASING = YES;
				CLANG_WARN_BOOL_CONVERSION = YES;
				CLANG_WARN_COMMA = YES;
				CLANG_WARN_CONSTANT_CONVERSION = YES;
				CLANG_WARN_DEPRECATED_OBJC_IMPLEMENTATIONS = YES;
				CLANG_WARN_DIRECT_OBJC_ISA_USAGE = YES_ERROR;
				CLANG_WARN_DOCUMENTATION_COMMENTS = YES;
				CLANG_WARN_EMPTY_BODY = YES;
				CLANG_WARN_ENUM_CONVERSION = YES;
				CLANG_WARN_INFINITE_RECURSION = YES;
				CLANG_WARN_INT_CONVERSION = YES;
				CLANG_WARN_NON_LITERAL_NULL_CONVERSION = YES;
				CLANG_WARN_OBJC_IMPLICIT_RETAIN_SELF = YES;
				CLANG_WARN_OBJC_LITERAL_CONVERSION = YES;
				CLANG_WARN_OBJC_ROOT_CLASS = YES_ERROR;
				CLANG_WARN_RANGE_LOOP_ANALYSIS = YES;
				CLANG_WARN_STRICT_PROTOTYPES = YES;
				CLANG_WARN_SUSPICIOUS_MOVE = YES;
				CLANG_WARN_UNGUARDED_AVAILABILITY = YES_AGGRESSIVE;
				CLANG_WARN_UNREACHABLE_CODE = YES;
				CLANG_WARN__DUPLICATE_METHOD_MATCH = YES;
				COPY_PHASE_STRIP = NO;
				DEBUG_INFORMATION_FORMAT = "dwarf-with-dsym";
				ENABLE_NS_ASSERTIONS = NO;
				ENABLE_STRICT_OBJC_MSGSEND = YES;
				GCC_C_LANGUAGE_STANDARD = gnu11;
				GCC_NO_COMMON_BLOCKS = YES;
				GCC_WARN_64_TO_32_BIT_CONVERSION = YES;
				GCC_WARN_ABOUT_RETURN_TYPE = YES_ERROR;
				GCC_WARN_UNDECLARED_SELECTOR = YES;
				GCC_WARN_UNINITIALIZED_AUTOS = YES_AGGRESSIVE;
				GCC_WARN_UNUSED_FUNCTION = YES;
				GCC_WARN_UNUSED_VARIABLE = YES;
				IPHONEOS_DEPLOYMENT_TARGET = 13.2;
				MTL_ENABLE_DEBUG_INFO = NO;
				MTL_FAST_MATH = YES;
				SDKROOT = iphoneos;
				SWIFT_COMPILATION_MODE = wholemodule;
				SWIFT_OPTIMIZATION_LEVEL = "-O";
				VALIDATE_PRODUCT = YES;
			};
			name = Release;
		};
		128CF11D246D9D1C00C38668 /* Debug */ = {
			isa = XCBuildConfiguration;
			buildSettings = {
				ASSETCATALOG_COMPILER_APPICON_NAME = AppIcon;
				CODE_SIGN_STYLE = Automatic;
				DEVELOPMENT_ASSET_PATHS = "\"Slots/Preview Content\"";
				DEVELOPMENT_TEAM = 2CJA523RJR;
				ENABLE_PREVIEWS = YES;
				INFOPLIST_FILE = Slots/Info.plist;
				LD_RUNPATH_SEARCH_PATHS = (
					"$(inherited)",
					"@executable_path/Frameworks",
				);
				PRODUCT_BUNDLE_IDENTIFIER = com.PlamenRupkolski.Slots;
				PRODUCT_NAME = "$(TARGET_NAME)";
				SWIFT_VERSION = 5.0;
				TARGETED_DEVICE_FAMILY = "1,2";
			};
			name = Debug;
		};
		128CF11E246D9D1C00C38668 /* Release */ = {
			isa = XCBuildConfiguration;
			buildSettings = {
				ASSETCATALOG_COMPILER_APPICON_NAME = AppIcon;
				CODE_SIGN_STYLE = Automatic;
				DEVELOPMENT_ASSET_PATHS = "\"Slots/Preview Content\"";
				DEVELOPMENT_TEAM = 2CJA523RJR;
				ENABLE_PREVIEWS = YES;
				INFOPLIST_FILE = Slots/Info.plist;
				LD_RUNPATH_SEARCH_PATHS = (
					"$(inherited)",
					"@executable_path/Frameworks",
				);
				PRODUCT_BUNDLE_IDENTIFIER = com.PlamenRupkolski.Slots;
				PRODUCT_NAME = "$(TARGET_NAME)";
				SWIFT_VERSION = 5.0;
				TARGETED_DEVICE_FAMILY = "1,2";
			};
			name = Release;
		};
/* End XCBuildConfiguration section */

/* Begin XCConfigurationList section */
		128CF103246D9D1800C38668 /* Build configuration list for PBXProject "Slots" */ = {
			isa = XCConfigurationList;
			buildConfigurations = (
				128CF11A246D9D1C00C38668 /* Debug */,
				128CF11B246D9D1C00C38668 /* Release */,
			);
			defaultConfigurationIsVisible = 0;
			defaultConfigurationName = Release;
		};
		128CF11C246D9D1C00C38668 /* Build configuration list for PBXNativeTarget "Slots" */ = {
			isa = XCConfigurationList;
			buildConfigurations = (
				128CF11D246D9D1C00C38668 /* Debug */,
				128CF11E246D9D1C00C38668 /* Release */,
			);
			defaultConfigurationIsVisible = 0;
			defaultConfigurationName = Release;
		};
/* End XCConfigurationList section */
	};
	rootObject = 128CF100246D9D1800C38668 /* Project object */;
}
